// !$*UTF8*$!
{
	archiveVersion = 1;
	classes = {
	};
	objectVersion = 46;
	objects = {

/* Begin PBXBuildFile section */
		F92F2A26198A254A000EE0E7 /* AppDelegate.swift in Sources */ = {isa = PBXBuildFile; fileRef = F92F2A25198A254A000EE0E7 /* AppDelegate.swift */; };
		F92F2A28198A254A000EE0E7 /* ViewController.swift in Sources */ = {isa = PBXBuildFile; fileRef = F92F2A27198A254A000EE0E7 /* ViewController.swift */; };
		F92F2A2B198A254A000EE0E7 /* Main.storyboard in Resources */ = {isa = PBXBuildFile; fileRef = F92F2A29198A254A000EE0E7 /* Main.storyboard */; };
		F92F2A2D198A254A000EE0E7 /* Images.xcassets in Resources */ = {isa = PBXBuildFile; fileRef = F92F2A2C198A254A000EE0E7 /* Images.xcassets */; };
		F92F2A39198A254A000EE0E7 /* testTests.swift in Sources */ = {isa = PBXBuildFile; fileRef = F92F2A38198A254A000EE0E7 /* testTests.swift */; };
/* End PBXBuildFile section */

/* Begin PBXContainerItemProxy section */
		F92F2A33198A254A000EE0E7 /* PBXContainerItemProxy */ = {
			isa = PBXContainerItemProxy;
			containerPortal = F92F2A18198A254A000EE0E7 /* Project object */;
			proxyType = 1;
			remoteGlobalIDString = F92F2A1F198A254A000EE0E7;
			remoteInfo = test;
		};
/* End PBXContainerItemProxy section */

/* Begin PBXFileReference section */
		F92F2A20198A254A000EE0E7 /* test.app */ = {isa = PBXFileReference; explicitFileType = wrapper.application; includeInIndex = 0; path = test.app; sourceTree = BUILT_PRODUCTS_DIR; };
		F92F2A24198A254A000EE0E7 /* Info.plist */ = {isa = PBXFileReference; lastKnownFileType = text.plist.xml; path = Info.plist; sourceTree = "<group>"; };
		F92F2A25198A254A000EE0E7 /* AppDelegate.swift */ = {isa = PBXFileReference; lastKnownFileType = sourcecode.swift; path = AppDelegate.swift; sourceTree = "<group>"; };
		F92F2A27198A254A000EE0E7 /* ViewController.swift */ = {isa = PBXFileReference; lastKnownFileType = sourcecode.swift; path = ViewController.swift; sourceTree = "<group>"; };
		F92F2A2A198A254A000EE0E7 /* Base */ = {isa = PBXFileReference; lastKnownFileType = file.storyboard; name = Base; path = Base.lproj/Main.storyboard; sourceTree = "<group>"; };
		F92F2A2C198A254A000EE0E7 /* Images.xcassets */ = {isa = PBXFileReference; lastKnownFileType = folder.assetcatalog; path = Images.xcassets; sourceTree = "<group>"; };
		F92F2A32198A254A000EE0E7 /* testTests.xctest */ = {isa = PBXFileReference; explicitFileType = wrapper.cfbundle; includeInIndex = 0; path = testTests.xctest; sourceTree = BUILT_PRODUCTS_DIR; };
		F92F2A37198A254A000EE0E7 /* Info.plist */ = {isa = PBXFileReference; lastKnownFileType = text.plist.xml; path = Info.plist; sourceTree = "<group>"; };
		F92F2A38198A254A000EE0E7 /* testTests.swift */ = {isa = PBXFileReference; lastKnownFileType = sourcecode.swift; path = testTests.swift; sourceTree = "<group>"; };
/* End PBXFileReference section */

/* Begin PBXFrameworksBuildPhase section */
		F92F2A1D198A254A000EE0E7 /* Frameworks */ = {
			isa = PBXFrameworksBuildPhase;
			buildActionMask = 2147483647;
			files = (
			);
			runOnlyForDeploymentPostprocessing = 0;
		};
		F92F2A2F198A254A000EE0E7 /* Frameworks */ = {
			isa = PBXFrameworksBuildPhase;
			buildActionMask = 2147483647;
			files = (
			);
			runOnlyForDeploymentPostprocessing = 0;
		};
/* End PBXFrameworksBuildPhase section */

/* Begin PBXGroup section */
		F92F2A17198A254A000EE0E7 = {
			isa = PBXGroup;
			children = (
				F92F2A22198A254A000EE0E7 /* test */,
				F92F2A35198A254A000EE0E7 /* testTests */,
				F92F2A21198A254A000EE0E7 /* Products */,
			);
			sourceTree = "<group>";
		};
		F92F2A21198A254A000EE0E7 /* Products */ = {
			isa = PBXGroup;
			children = (
				F92F2A20198A254A000EE0E7 /* test.app */,
				F92F2A32198A254A000EE0E7 /* testTests.xctest */,
			);
			name = Products;
			sourceTree = "<group>";
		};
		F92F2A22198A254A000EE0E7 /* test */ = {
			isa = PBXGroup;
			children = (
				F92F2A25198A254A000EE0E7 /* AppDelegate.swift */,
				F92F2A27198A254A000EE0E7 /* ViewController.swift */,
				F92F2A29198A254A000EE0E7 /* Main.storyboard */,
				F92F2A2C198A254A000EE0E7 /* Images.xcassets */,
				F92F2A23198A254A000EE0E7 /* Supporting Files */,
			);
			path = test;
			sourceTree = "<group>";
		};
		F92F2A23198A254A000EE0E7 /* Supporting Files */ = {
			isa = PBXGroup;
			children = (
				F92F2A24198A254A000EE0E7 /* Info.plist */,
			);
			name = "Supporting Files";
			sourceTree = "<group>";
		};
		F92F2A35198A254A000EE0E7 /* testTests */ = {
			isa = PBXGroup;
			children = (
				F92F2A38198A254A000EE0E7 /* testTests.swift */,
				F92F2A36198A254A000EE0E7 /* Supporting Files */,
			);
			path = testTests;
			sourceTree = "<group>";
		};
		F92F2A36198A254A000EE0E7 /* Supporting Files */ = {
			isa = PBXGroup;
			children = (
				F92F2A37198A254A000EE0E7 /* Info.plist */,
			);
			name = "Supporting Files";
			sourceTree = "<group>";
		};
/* End PBXGroup section */

/* Begin PBXNativeTarget section */
		F92F2A1F198A254A000EE0E7 /* test */ = {
			isa = PBXNativeTarget;
			buildConfigurationList = F92F2A3C198A254A000EE0E7 /* Build configuration list for PBXNativeTarget "test" */;
			buildPhases = (
				F92F2A1C198A254A000EE0E7 /* Sources */,
				F92F2A1D198A254A000EE0E7 /* Frameworks */,
				F92F2A1E198A254A000EE0E7 /* Resources */,
			);
			buildRules = (
			);
			dependencies = (
			);
			name = test;
			productName = test;
			productReference = F92F2A20198A254A000EE0E7 /* test.app */;
			productType = "com.apple.product-type.application";
		};
		F92F2A31198A254A000EE0E7 /* testTests */ = {
			isa = PBXNativeTarget;
			buildConfigurationList = F92F2A3F198A254A000EE0E7 /* Build configuration list for PBXNativeTarget "testTests" */;
			buildPhases = (
				F92F2A2E198A254A000EE0E7 /* Sources */,
				F92F2A2F198A254A000EE0E7 /* Frameworks */,
				F92F2A30198A254A000EE0E7 /* Resources */,
			);
			buildRules = (
			);
			dependencies = (
				F92F2A34198A254A000EE0E7 /* PBXTargetDependency */,
			);
			name = testTests;
			productName = testTests;
			productReference = F92F2A32198A254A000EE0E7 /* testTests.xctest */;
			productType = "com.apple.product-type.bundle.unit-test";
		};
/* End PBXNativeTarget section */

/* Begin PBXProject section */
		F92F2A18198A254A000EE0E7 /* Project object */ = {
			isa = PBXProject;
			attributes = {
				LastUpgradeCheck = 0600;
				ORGANIZATIONNAME = pun;
				TargetAttributes = {
					F92F2A1F198A254A000EE0E7 = {
						CreatedOnToolsVersion = 6.0;
						DevelopmentTeam = 9Y65PGJD79;
					};
					F92F2A31198A254A000EE0E7 = {
						CreatedOnToolsVersion = 6.0;
						TestTargetID = F92F2A1F198A254A000EE0E7;
					};
				};
			};
			buildConfigurationList = F92F2A1B198A254A000EE0E7 /* Build configuration list for PBXProject "test" */;
			compatibilityVersion = "Xcode 3.2";
			developmentRegion = English;
			hasScannedForEncodings = 0;
			knownRegions = (
				en,
				Base,
			);
			mainGroup = F92F2A17198A254A000EE0E7;
			productRefGroup = F92F2A21198A254A000EE0E7 /* Products */;
			projectDirPath = "";
			projectRoot = "";
			targets = (
				F92F2A1F198A254A000EE0E7 /* test */,
				F92F2A31198A254A000EE0E7 /* testTests */,
			);
		};
/* End PBXProject section */

/* Begin PBXResourcesBuildPhase section */
		F92F2A1E198A254A000EE0E7 /* Resources */ = {
			isa = PBXResourcesBuildPhase;
			buildActionMask = 2147483647;
			files = (
				F92F2A2B198A254A000EE0E7 /* Main.storyboard in Resources */,
				F92F2A2D198A254A000EE0E7 /* Images.xcassets in Resources */,
			);
			runOnlyForDeploymentPostprocessing = 0;
		};
		F92F2A30198A254A000EE0E7 /* Resources */ = {
			isa = PBXResourcesBuildPhase;
			buildActionMask = 2147483647;
			files = (
			);
			runOnlyForDeploymentPostprocessing = 0;
		};
/* End PBXResourcesBuildPhase section */

/* Begin PBXSourcesBuildPhase section */
		F92F2A1C198A254A000EE0E7 /* Sources */ = {
			isa = PBXSourcesBuildPhase;
			buildActionMask = 2147483647;
			files = (
				F92F2A28198A254A000EE0E7 /* ViewController.swift in Sources */,
				F92F2A26198A254A000EE0E7 /* AppDelegate.swift in Sources */,
			);
			runOnlyForDeploymentPostprocessing = 0;
		};
		F92F2A2E198A254A000EE0E7 /* Sources */ = {
			isa = PBXSourcesBuildPhase;
			buildActionMask = 2147483647;
			files = (
				F92F2A39198A254A000EE0E7 /* testTests.swift in Sources */,
			);
			runOnlyForDeploymentPostprocessing = 0;
		};
/* End PBXSourcesBuildPhase section */

/* Begin PBXTargetDependency section */
		F92F2A34198A254A000EE0E7 /* PBXTargetDependency */ = {
			isa = PBXTargetDependency;
			target = F92F2A1F198A254A000EE0E7 /* test */;
			targetProxy = F92F2A33198A254A000EE0E7 /* PBXContainerItemProxy */;
		};
/* End PBXTargetDependency section */

/* Begin PBXVariantGroup section */
		F92F2A29198A254A000EE0E7 /* Main.storyboard */ = {
			isa = PBXVariantGroup;
			children = (
				F92F2A2A198A254A000EE0E7 /* Base */,
			);
			name = Main.storyboard;
			sourceTree = "<group>";
		};
/* End PBXVariantGroup section */

/* Begin XCBuildConfiguration section */
		F92F2A3A198A254A000EE0E7 /* Debug */ = {
			isa = XCBuildConfiguration;
			buildSettings = {
				ALWAYS_SEARCH_USER_PATHS = NO;
				CLANG_CXX_LANGUAGE_STANDARD = "gnu++0x";
				CLANG_CXX_LIBRARY = "libc++";
				CLANG_ENABLE_MODULES = YES;
				CLANG_ENABLE_OBJC_ARC = YES;
				CLANG_WARN_BOOL_CONVERSION = YES;
				CLANG_WARN_CONSTANT_CONVERSION = YES;
				CLANG_WARN_DIRECT_OBJC_ISA_USAGE = YES_ERROR;
				CLANG_WARN_EMPTY_BODY = YES;
				CLANG_WARN_ENUM_CONVERSION = YES;
				CLANG_WARN_INT_CONVERSION = YES;
				CLANG_WARN_OBJC_ROOT_CLASS = YES_ERROR;
				CLANG_WARN_UNREACHABLE_CODE = YES;
				CLANG_WARN__DUPLICATE_METHOD_MATCH = YES;
				"CODE_SIGN_IDENTITY[sdk=iphoneos*]" = "iPhone Developer";
				COPY_PHASE_STRIP = NO;
				ENABLE_STRICT_OBJC_MSGSEND = YES;
				GCC_C_LANGUAGE_STANDARD = gnu99;
				GCC_DYNAMIC_NO_PIC = NO;
				GCC_OPTIMIZATION_LEVEL = 0;
				GCC_PREPROCESSOR_DEFINITIONS = (
					"DEBUG=1",
					"$(inherited)",
				);
				GCC_SYMBOLS_PRIVATE_EXTERN = NO;
				GCC_WARN_64_TO_32_BIT_CONVERSION = YES;
				GCC_WARN_ABOUT_RETURN_TYPE = YES_ERROR;
				GCC_WARN_UNDECLARED_SELECTOR = YES;
				GCC_WARN_UNINITIALIZED_AUTOS = YES_AGGRESSIVE;
				GCC_WARN_UNUSED_FUNCTION = YES;
				GCC_WARN_UNUSED_VARIABLE = YES;
				IPHONEOS_DEPLOYMENT_TARGET = 8.0;
				MTL_ENABLE_DEBUG_INFO = YES;
				ONLY_ACTIVE_ARCH = YES;
				SDKROOT = iphoneos;
				SWIFT_OPTIMIZATION_LEVEL = "-Onone";
			};
			name = Debug;
		};
		F92F2A3B198A254A000EE0E7 /* Release */ = {
			isa = XCBuildConfiguration;
			buildSettings = {
				ALWAYS_SEARCH_USER_PATHS = NO;
				CLANG_CXX_LANGUAGE_STANDARD = "gnu++0x";
				CLANG_CXX_LIBRARY = "libc++";
				CLANG_ENABLE_MODULES = YES;
				CLANG_ENABLE_OBJC_ARC = YES;
				CLANG_WARN_BOOL_CONVERSION = YES;
				CLANG_WARN_CONSTANT_CONVERSION = YES;
				CLANG_WARN_DIRECT_OBJC_ISA_USAGE = YES_ERROR;
				CLANG_WARN_EMPTY_BODY = YES;
				CLANG_WARN_ENUM_CONVERSION = YES;
				CLANG_WARN_INT_CONVERSION = YES;
				CLANG_WARN_OBJC_ROOT_CLASS = YES_ERROR;
				CLANG_WARN_UNREACHABLE_CODE = YES;
				CLANG_WARN__DUPLICATE_METHOD_MATCH = YES;
				"CODE_SIGN_IDENTITY[sdk=iphoneos*]" = "iPhone Developer";
				COPY_PHASE_STRIP = YES;
				ENABLE_NS_ASSERTIONS = NO;
				ENABLE_STRICT_OBJC_MSGSEND = YES;
				GCC_C_LANGUAGE_STANDARD = gnu99;
				GCC_WARN_64_TO_32_BIT_CONVERSION = YES;
				GCC_WARN_ABOUT_RETURN_TYPE = YES_ERROR;
				GCC_WARN_UNDECLARED_SELECTOR = YES;
				GCC_WARN_UNINITIALIZED_AUTOS = YES_AGGRESSIVE;
				GCC_WARN_UNUSED_FUNCTION = YES;
				GCC_WARN_UNUSED_VARIABLE = YES;
				IPHONEOS_DEPLOYMENT_TARGET = 8.0;
				MTL_ENABLE_DEBUG_INFO = NO;
				SDKROOT = iphoneos;
				VALIDATE_PRODUCT = YES;
			};
			name = Release;
		};
		F92F2A3D198A254A000EE0E7 /* Debug */ = {
			isa = XCBuildConfiguration;
			buildSettings = {
				ASSETCATALOG_COMPILER_APPICON_NAME = AppIcon;
				ASSETCATALOG_COMPILER_LAUNCHIMAGE_NAME = LaunchImage;
				CODE_SIGN_IDENTITY = "iPhone Developer";
				INFOPLIST_FILE = test/Info.plist;
				LD_RUNPATH_SEARCH_PATHS = "$(inherited) @executable_path/Frameworks";
				PRODUCT_NAME = "$(TARGET_NAME)";
				TARGETED_DEVICE_FAMILY = "1,2";
			};
			name = Debug;
		};
		F92F2A3E198A254A000EE0E7 /* Release */ = {
			isa = XCBuildConfiguration;
			buildSettings = {
				ASSETCATALOG_COMPILER_APPICON_NAME = AppIcon;
				ASSETCATALOG_COMPILER_LAUNCHIMAGE_NAME = LaunchImage;
				CODE_SIGN_IDENTITY = "iPhone Developer";
				INFOPLIST_FILE = test/Info.plist;
				LD_RUNPATH_SEARCH_PATHS = "$(inherited) @executable_path/Frameworks";
				PRODUCT_NAME = "$(TARGET_NAME)";
				TARGETED_DEVICE_FAMILY = "1,2";
			};
			name = Release;
		};
		F92F2A40198A254A000EE0E7 /* Debug */ = {
			isa = XCBuildConfiguration;
			buildSettings = {
				BUNDLE_LOADER = "$(BUILT_PRODUCTS_DIR)/test.app/test";
				FRAMEWORK_SEARCH_PATHS = (
					"$(SDKROOT)/Developer/Library/Frameworks",
					"$(inherited)",
				);
				GCC_PREPROCESSOR_DEFINITIONS = (
					"DEBUG=1",
					"$(inherited)",
				);
				INFOPLIST_FILE = testTests/Info.plist;
				LD_RUNPATH_SEARCH_PATHS = "$(inherited) @executable_path/Frameworks @loader_path/Frameworks";
				PRODUCT_NAME = "$(TARGET_NAME)";
				TEST_HOST = "$(BUNDLE_LOADER)";
			};
			name = Debug;
		};
		F92F2A41198A254A000EE0E7 /* Release */ = {
			isa = XCBuildConfiguration;
			buildSettings = {
				BUNDLE_LOADER = "$(BUILT_PRODUCTS_DIR)/test.app/test";
				FRAMEWORK_SEARCH_PATHS = (
					"$(SDKROOT)/Developer/Library/Frameworks",
					"$(inherited)",
				);
				INFOPLIST_FILE = testTests/Info.plist;
				LD_RUNPATH_SEARCH_PATHS = "$(inherited) @executable_path/Frameworks @loader_path/Frameworks";
				PRODUCT_NAME = "$(TARGET_NAME)";
				TEST_HOST = "$(BUNDLE_LOADER)";
			};
			name = Release;
		};
/* End XCBuildConfiguration section */

/* Begin XCConfigurationList section */
		F92F2A1B198A254A000EE0E7 /* Build configuration list for PBXProject "test" */ = {
			isa = XCConfigurationList;
			buildConfigurations = (
				F92F2A3A198A254A000EE0E7 /* Debug */,
				F92F2A3B198A254A000EE0E7 /* Release */,
			);
			defaultConfigurationIsVisible = 0;
			defaultConfigurationName = Release;
		};
		F92F2A3C198A254A000EE0E7 /* Build configuration list for PBXNativeTarget "test" */ = {
			isa = XCConfigurationList;
			buildConfigurations = (
				F92F2A3D198A254A000EE0E7 /* Debug */,
				F92F2A3E198A254A000EE0E7 /* Release */,
			);
			defaultConfigurationIsVisible = 0;
			defaultConfigurationName = Release;
		};
		F92F2A3F198A254A000EE0E7 /* Build configuration list for PBXNativeTarget "testTests" */ = {
			isa = XCConfigurationList;
			buildConfigurations = (
				F92F2A40198A254A000EE0E7 /* Debug */,
				F92F2A41198A254A000EE0E7 /* Release */,
			);
			defaultConfigurationIsVisible = 0;
			defaultConfigurationName = Release;
		};
/* End XCConfigurationList section */
	};
	rootObject = F92F2A18198A254A000EE0E7 /* Project object */;
}
